<?xml version="1.0" encoding="UTF-8" standalone="yes" ?>
<CodeBlocks_project_file>
	<FileVersion major="1" minor="6" />
	<Project>
		<Option title="The WarLand" />
		<Option pch_mode="2" />
		<Option compiler="gcc" />
		<Build>
			<Target title="Debug">
				<Option output="bin/Debug/The WarLand" prefix_auto="1" extension_auto="1" />
				<Option object_output="obj/Debug/" />
				<Option type="1" />
				<Option compiler="gcc" />
				<Compiler>
					<Add option="-g" />
				</Compiler>
			</Target>
			<Target title="Release">
				<Option output="bin/Release/The WarLand" prefix_auto="1" extension_auto="1" />
				<Option object_output="obj/Release/" />
				<Option type="1" />
				<Option compiler="gcc" />
				<Compiler>
					<Add option="-O2" />
				</Compiler>
				<Linker>
					<Add option="-s" />
				</Linker>
			</Target>
		</Build>
		<Compiler>
			<Add option="-Wall" />
			<Add option="-fexceptions" />
		</Compiler>
		<Linker>
			<Add library="../SFML-2.4.2/lib/libsfml-graphics.a" />
			<Add library="../SFML-2.4.2/lib/libsfml-system.a" />
			<Add library="../SFML-2.4.2/lib/libsfml-window.a" />
			<Add library="../SFML-2.4.2/lib/libopenal32.a" />
			<Add library="../SFML-2.4.2/lib/libsfml-audio.a" />
		</Linker>
		<Unit filename="Class.cpp" />
		<Unit filename="Class.h" />
		<Unit filename="L1CharL.cpp" />
		<Unit filename="L1CharL.h" />
		<Unit filename="L1CharR.cpp" />
		<Unit filename="L1CharR.h" />
		<Unit filename="L2CharL.cpp" />
		<Unit filename="L2CharL.h" />
		<Unit filename="L2CharR.cpp" />
		<Unit filename="L2CharR.h" />
		<Unit filename="L3CharL.cpp" />
		<Unit filename="L3CharL.h" />
		<Unit filename="L3CharR.cpp" />
		<Unit filename="L3CharR.h" />
		<Unit filename="main.cpp" />
		<Extensions>
			<code_completion />
			<envvars />
			<debugger />
		</Extensions>
	</Project>
</CodeBlocks_project_file>
